{
  "meteor": {},
  "dependencies": {
    "basePackages": {
      "iron-router": {},
      "accounts-instagram": {},
      "instagram-wrapper": {},
      "npm": {},
      "fast-render": {}
    },
    "packages": {
      "iron-router": {
        "git": "https://github.com/EventedMind/iron-router.git",
        "tag": "v0.7.1",
        "commit": "d1ffb3f06ea4c112132b030f2eb1a70b81675ecb"
      },
      "accounts-instagram": {
        "git": "https://github.com/motro/meteor-accounts-instagram.git",
        "tag": "v0.2.1",
        "commit": "d3dec3addf7099454f1ff03a19a3dc3969615606"
      },
      "instagram-wrapper": {
        "git": "https://github.com/bojan88/meteor-instagram-wrapper.git",
        "tag": "v0.0.1",
        "commit": "58955b290e838d942e15b9fbf663106abd59ba5e"
      },
      "npm": {
        "git": "https://github.com/arunoda/meteor-npm.git",
        "tag": "v0.2.6",
        "commit": "177ab6118de5bf8cffb19481343d5762ff7a2aaf"
      },
      "fast-render": {
        "git": "https://github.com/arunoda/meteor-fast-render.git",
        "tag": "v0.2.6",
        "commit": "6ff59e07dc5ec9cd2f5d334ff95ff181d86965b5"
      },
      "blaze-layout": {
        "git": "https://github.com/EventedMind/blaze-layout.git",
        "tag": "v0.2.4",
        "commit": "b40e9b0612329288d75cf52ad14a7da64bb8618f"
      }
    }
  }
}
